
Microsoft Visual Studio Solution File, Format Version 12.00
# Visual Studio Version 17
VisualStudioVersion = 17.8.34525.116
MinimumVisualStudioVersion = 10.0.40219.1
Project("{8BC9CEB8-8B4A-11D0-8D11-00A0C91BC942}") = "Vehicles", "Vehicles\Vehicles.vcxproj", "{78E5F664-69AF-477F-BBDF-24C44AE325B5}"
EndProject
Project("{8BC9CEB8-8B4A-11D0-8D11-00A0C91BC942}") = "Racing_Simulator", "Racing_Simulator\Racing_Simulator.vcxproj", "{A11446C4-BB50-4000-A951-038FCC38F7A7}"
EndProject
Project("{8BC9CEB8-8B4A-11D0-8D11-00A0C91BC942}") = "Race", "Race\Race.vcxproj", "{3E7C01EB-07D4-44CA-9269-B90B349E255A}"
	ProjectSection(ProjectDependencies) = postProject
		{78E5F664-69AF-477F-BBDF-24C44AE325B5} = {78E5F664-69AF-477F-BBDF-24C44AE325B5}
	EndProjectSection
EndProject
Global
	GlobalSection(SolutionConfigurationPlatforms) = preSolution
		Debug|x64 = Debug|x64
		Debug|x86 = Debug|x86
		Release|x64 = Release|x64
		Release|x86 = Release|x86
	EndGlobalSection
	GlobalSection(ProjectConfigurationPlatforms) = postSolution
		{78E5F664-69AF-477F-BBDF-24C44AE325B5}.Debug|x64.ActiveCfg = Debug|x64
		{78E5F664-69AF-477F-BBDF-24C44AE325B5}.Debug|x64.Build.0 = Debug|x64
		{78E5F664-69AF-477F-BBDF-24C44AE325B5}.Debug|x86.ActiveCfg = Debug|Win32
		{78E5F664-69AF-477F-BBDF-24C44AE325B5}.Debug|x86.Build.0 = Debug|Win32
		{78E5F664-69AF-477F-BBDF-24C44AE325B5}.Release|x64.ActiveCfg = Release|x64
		{78E5F664-69AF-477F-BBDF-24C44AE325B5}.Release|x64.Build.0 = Release|x64
		{78E5F664-69AF-477F-BBDF-24C44AE325B5}.Release|x86.ActiveCfg = Release|Win32
		{78E5F664-69AF-477F-BBDF-24C44AE325B5}.Release|x86.Build.0 = Release|Win32
		{A11446C4-BB50-4000-A951-038FCC38F7A7}.Debug|x64.ActiveCfg = Debug|x64
		{A11446C4-BB50-4000-A951-038FCC38F7A7}.Debug|x64.Build.0 = Debug|x64
		{A11446C4-BB50-4000-A951-038FCC38F7A7}.Debug|x86.ActiveCfg = Debug|Win32
		{A11446C4-BB50-4000-A951-038FCC38F7A7}.Debug|x86.Build.0 = Debug|Win32
		{A11446C4-BB50-4000-A951-038FCC38F7A7}.Release|x64.ActiveCfg = Release|x64
		{A11446C4-BB50-4000-A951-038FCC38F7A7}.Release|x64.Build.0 = Release|x64
		{A11446C4-BB50-4000-A951-038FCC38F7A7}.Release|x86.ActiveCfg = Release|Win32
		{A11446C4-BB50-4000-A951-038FCC38F7A7}.Release|x86.Build.0 = Release|Win32
		{3E7C01EB-07D4-44CA-9269-B90B349E255A}.Debug|x64.ActiveCfg = Debug|x64
		{3E7C01EB-07D4-44CA-9269-B90B349E255A}.Debug|x64.Build.0 = Debug|x64
		{3E7C01EB-07D4-44CA-9269-B90B349E255A}.Debug|x86.ActiveCfg = Debug|Win32
		{3E7C01EB-07D4-44CA-9269-B90B349E255A}.Debug|x86.Build.0 = Debug|Win32
		{3E7C01EB-07D4-44CA-9269-B90B349E255A}.Release|x64.ActiveCfg = Release|x64
		{3E7C01EB-07D4-44CA-9269-B90B349E255A}.Release|x64.Build.0 = Release|x64
		{3E7C01EB-07D4-44CA-9269-B90B349E255A}.Release|x86.ActiveCfg = Release|Win32
		{3E7C01EB-07D4-44CA-9269-B90B349E255A}.Release|x86.Build.0 = Release|Win32
	EndGlobalSection
	GlobalSection(SolutionProperties) = preSolution
		HideSolutionNode = FALSE
	EndGlobalSection
	GlobalSection(ExtensibilityGlobals) = postSolution
		SolutionGuid = {248B6837-136A-46B7-BFDE-7E273C774AA4}
	EndGlobalSection
EndGlobal
