<?xml version="1.0" encoding="utf-8"?>
<Project ToolsVersion="4.0" xmlns="http://schemas.microsoft.com/developer/msbuild/2003">
  <ItemGroup>
    <Filter Include="Исходные файлы">
      <UniqueIdentifier>{4FC737F1-C7A5-4376-A066-2A32D752A2FF}</UniqueIdentifier>
      <Extensions>cpp;c;cc;cxx;c++;cppm;ixx;def;odl;idl;hpj;bat;asm;asmx</Extensions>
    </Filter>
    <Filter Include="Файлы заголовков">
      <UniqueIdentifier>{93995380-89BD-4b04-88EB-625FBE52EBFB}</UniqueIdentifier>
      <Extensions>h;hh;hpp;hxx;h++;hm;inl;inc;ipp;xsd</Extensions>
    </Filter>
    <Filter Include="Файлы ресурсов">
      <UniqueIdentifier>{67DA6AB6-F800-4c08-8B7A-83BB121AAD01}</UniqueIdentifier>
      <Extensions>rc;ico;cur;bmp;dlg;rc2;rct;bin;rgs;gif;jpg;jpeg;jpe;resx;tiff;tif;png;wav;mfcribbon-ms</Extensions>
    </Filter>
    <Filter Include="Исходные файлы\Ground">
      <UniqueIdentifier>{67e03c4e-7cb4-418e-8e4d-c48fd191f07f}</UniqueIdentifier>
    </Filter>
    <Filter Include="Файлы заголовков\Ground">
      <UniqueIdentifier>{a43a0d21-52e6-42c5-9f96-d5d5dfb7014f}</UniqueIdentifier>
    </Filter>
    <Filter Include="Файлы заголовков\Air">
      <UniqueIdentifier>{0e72d5bf-c491-4e02-97b5-1e44101cf39a}</UniqueIdentifier>
    </Filter>
    <Filter Include="Исходные файлы\Air">
      <UniqueIdentifier>{8a6daa51-31c9-41f0-a9be-493333baa8c0}</UniqueIdentifier>
    </Filter>
  </ItemGroup>
  <ItemGroup>
    <ClInclude Include="vehicles.h">
      <Filter>Файлы заголовков</Filter>
    </ClInclude>
    <ClInclude Include="air_vehicles.h">
      <Filter>Файлы заголовков</Filter>
    </ClInclude>
    <ClInclude Include="ground_vehicles.h">
      <Filter>Файлы заголовков</Filter>
    </ClInclude>
    <ClInclude Include="camel.h">
      <Filter>Файлы заголовков\Ground</Filter>
    </ClInclude>
    <ClInclude Include="centaur.h">
      <Filter>Файлы заголовков\Ground</Filter>
    </ClInclude>
    <ClInclude Include="swift_camel.h">
      <Filter>Файлы заголовков\Ground</Filter>
    </ClInclude>
    <ClInclude Include="rover_boots.h">
      <Filter>Файлы заголовков\Ground</Filter>
    </ClInclude>
    <ClInclude Include="magic_carpet.h">
      <Filter>Файлы заголовков\Air</Filter>
    </ClInclude>
    <ClInclude Include="eagle.h">
      <Filter>Файлы заголовков\Air</Filter>
    </ClInclude>
    <ClInclude Include="broomstick.h">
      <Filter>Файлы заголовков\Air</Filter>
    </ClInclude>
    <ClInclude Include="spec.h">
      <Filter>Файлы заголовков</Filter>
    </ClInclude>
  </ItemGroup>
  <ItemGroup>
    <ClCompile Include="vehicles.cpp">
      <Filter>Исходные файлы</Filter>
    </ClCompile>
    <ClCompile Include="air_vehicles.cpp">
      <Filter>Исходные файлы</Filter>
    </ClCompile>
    <ClCompile Include="ground_vehicles.cpp">
      <Filter>Исходные файлы</Filter>
    </ClCompile>
    <ClCompile Include="camel.cpp">
      <Filter>Исходные файлы\Ground</Filter>
    </ClCompile>
    <ClCompile Include="centaur.cpp">
      <Filter>Исходные файлы\Ground</Filter>
    </ClCompile>
    <ClCompile Include="swift_camel.cpp">
      <Filter>Исходные файлы\Ground</Filter>
    </ClCompile>
    <ClCompile Include="rover_boots.cpp">
      <Filter>Исходные файлы\Ground</Filter>
    </ClCompile>
    <ClCompile Include="magic_carpet.cpp">
      <Filter>Исходные файлы\Air</Filter>
    </ClCompile>
    <ClCompile Include="eagle.cpp">
      <Filter>Исходные файлы\Air</Filter>
    </ClCompile>
    <ClCompile Include="broomstick.cpp">
      <Filter>Исходные файлы\Air</Filter>
    </ClCompile>
  </ItemGroup>
</Project>